# This file is automatically @generated by Cargo.
# It is not intended for manual editing.
version = 4

[[package]]
name = "analytics"
version = "0.1.0"

[[package]]
name = "benchmarks"
version = "0.1.0"
dependencies = [
 "latency_sim",
 "lobster_parser",
 "market_events",
 "matching_engine",
 "orderbook",
 "replay_engine",
 "strategies",
 "validator",
]

[[package]]
name = "cli"
version = "0.1.0"
dependencies = [
 "latency_sim",
 "lobster_parser",
 "market_events",
 "matching_engine",
 "strategies",
 "validator",
]

[[package]]
name = "latency_sim"
version = "0.1.0"
dependencies = [
 "market_events",
 "matching_engine",
]

[[package]]
name = "lobster_parser"
version = "0.1.0"
dependencies = [
 "market_events",
]

[[package]]
name = "market_events"
version = "0.1.0"

[[package]]
name = "matching_engine"
version = "0.1.0"
dependencies = [
 "market_events",
 "orderbook",
]

[[package]]
name = "orderbook"
version = "0.1.0"
dependencies = [
 "market_events",
]

[[package]]
name = "replay_engine"
version = "0.1.0"
dependencies = [
 "market_events",
 "orderbook",
]

[[package]]
name = "server"
version = "0.1.0"
dependencies = [
 "latency_sim",
 "lobster_parser",
 "market_events",
 "matching_engine",
 "orderbook",
 "strategies",
 "validator",
]

[[package]]
name = "strategies"
version = "0.1.0"
dependencies = [
 "analytics",
 "latency_sim",
]

[[package]]
name = "validator"
version = "0.1.0"
dependencies = [
 "lobster_parser",
 "market_events",
 "orderbook",
 "replay_engine",
]
